// !$*UTF8*$!
{
	archiveVersion = 1;
	classes = {
	};
	objectVersion = 56;
	objects = {

/* Begin PBXBuildFile section */
		BB261AEF2C2E972C006E707F /* FooterTabView.xib in Resources */ = {isa = PBXBuildFile; fileRef = BB261AEE2C2E972C006E707F /* FooterTabView.xib */; };
		BB3707CE2C2AA1BA00EB8A62 /* PhotoDetailViewController.swift in Sources */ = {isa = PBXBuildFile; fileRef = BB3707CD2C2AA1BA00EB8A62 /* PhotoDetailViewController.swift */; };
		BB4C90512C3502630086BCBF /* SectionHeader.xib in Resources */ = {isa = PBXBuildFile; fileRef = BB4C90502C3502630086BCBF /* SectionHeader.xib */; };
		BB4C90532C3504D00086BCBF /* SectionHeader.swift in Sources */ = {isa = PBXBuildFile; fileRef = BB4C90522C3504D00086BCBF /* SectionHeader.swift */; };
		BB4C90552C35152C0086BCBF /* WebViewController.swift in Sources */ = {isa = PBXBuildFile; fileRef = BB4C90542C35152C0086BCBF /* WebViewController.swift */; };
		BB5B7B562C3239AB0000AB7A /* FooterTabView.swift in Sources */ = {isa = PBXBuildFile; fileRef = BB5B7B552C3239AB0000AB7A /* FooterTabView.swift */; };
		BBA48B042C2A58EF003D7901 /* AppDelegate.swift in Sources */ = {isa = PBXBuildFile; fileRef = BBA48B032C2A58EF003D7901 /* AppDelegate.swift */; };
		BBA48B062C2A58EF003D7901 /* SceneDelegate.swift in Sources */ = {isa = PBXBuildFile; fileRef = BBA48B052C2A58EF003D7901 /* SceneDelegate.swift */; };
		BBA48B082C2A58EF003D7901 /* ViewController.swift in Sources */ = {isa = PBXBuildFile; fileRef = BBA48B072C2A58EF003D7901 /* ViewController.swift */; };
		BBA48B0B2C2A58EF003D7901 /* Main.storyboard in Resources */ = {isa = PBXBuildFile; fileRef = BBA48B092C2A58EF003D7901 /* Main.storyboard */; };
		BBA48B0D2C2A58F1003D7901 /* Assets.xcassets in Resources */ = {isa = PBXBuildFile; fileRef = BBA48B0C2C2A58F1003D7901 /* Assets.xcassets */; };
		BBA48B102C2A58F1003D7901 /* LaunchScreen.storyboard in Resources */ = {isa = PBXBuildFile; fileRef = BBA48B0E2C2A58F1003D7901 /* LaunchScreen.storyboard */; };
		BBA48B182C2A77B5003D7901 /* HomeViewController.swift in Sources */ = {isa = PBXBuildFile; fileRef = BBA48B172C2A77B5003D7901 /* HomeViewController.swift */; };
		BBA48B1A2C2A8049003D7901 /* UnsplashAPI.swift in Sources */ = {isa = PBXBuildFile; fileRef = BBA48B192C2A8049003D7901 /* UnsplashAPI.swift */; };
		BBA48B1C2C2A819A003D7901 /* Structs.swift in Sources */ = {isa = PBXBuildFile; fileRef = BBA48B1B2C2A819A003D7901 /* Structs.swift */; };
		BBA48B1E2C2A8A89003D7901 /* CollectionViewCell.swift in Sources */ = {isa = PBXBuildFile; fileRef = BBA48B1D2C2A8A89003D7901 /* CollectionViewCell.swift */; };
		BBA48B202C2A9D6B003D7901 /* PhotoInfoViewController.swift in Sources */ = {isa = PBXBuildFile; fileRef = BBA48B1F2C2A9D6B003D7901 /* PhotoInfoViewController.swift */; };
		BBE272552C2E6B3F005C21BE /* TagViewController.swift in Sources */ = {isa = PBXBuildFile; fileRef = BBE272542C2E6B3F005C21BE /* TagViewController.swift */; };
		BBE272572C2E6B5A005C21BE /* TagCollectionViewCell.swift in Sources */ = {isa = PBXBuildFile; fileRef = BBE272562C2E6B5A005C21BE /* TagCollectionViewCell.swift */; };
		BBECC1DB2C33E56800549C60 /* InfoViewController.swift in Sources */ = {isa = PBXBuildFile; fileRef = BBECC1DA2C33E56800549C60 /* InfoViewController.swift */; };
/* End PBXBuildFile section */

/* Begin PBXFileReference section */
		BB261AEE2C2E972C006E707F /* FooterTabView.xib */ = {isa = PBXFileReference; lastKnownFileType = file.xib; path = FooterTabView.xib; sourceTree = "<group>"; };
		BB3707CD2C2AA1BA00EB8A62 /* PhotoDetailViewController.swift */ = {isa = PBXFileReference; lastKnownFileType = sourcecode.swift; path = PhotoDetailViewController.swift; sourceTree = "<group>"; };
		BB4C90502C3502630086BCBF /* SectionHeader.xib */ = {isa = PBXFileReference; lastKnownFileType = file.xib; path = SectionHeader.xib; sourceTree = "<group>"; };
		BB4C90522C3504D00086BCBF /* SectionHeader.swift */ = {isa = PBXFileReference; lastKnownFileType = sourcecode.swift; name = SectionHeader.swift; path = PortfolioApp/Controller/SectionHeader.swift; sourceTree = SOURCE_ROOT; };
		BB4C90542C35152C0086BCBF /* WebViewController.swift */ = {isa = PBXFileReference; lastKnownFileType = sourcecode.swift; name = WebViewController.swift; path = PortfolioApp/Main/WebViewController.swift; sourceTree = SOURCE_ROOT; };
		BB5B7B552C3239AB0000AB7A /* FooterTabView.swift */ = {isa = PBXFileReference; lastKnownFileType = sourcecode.swift; path = FooterTabView.swift; sourceTree = "<group>"; };
		BBA48B002C2A58EF003D7901 /* PortfolioApp.app */ = {isa = PBXFileReference; explicitFileType = wrapper.application; includeInIndex = 0; path = PortfolioApp.app; sourceTree = BUILT_PRODUCTS_DIR; };
		BBA48B032C2A58EF003D7901 /* AppDelegate.swift */ = {isa = PBXFileReference; lastKnownFileType = sourcecode.swift; path = AppDelegate.swift; sourceTree = "<group>"; };
		BBA48B052C2A58EF003D7901 /* SceneDelegate.swift */ = {isa = PBXFileReference; lastKnownFileType = sourcecode.swift; path = SceneDelegate.swift; sourceTree = "<group>"; };
		BBA48B072C2A58EF003D7901 /* ViewController.swift */ = {isa = PBXFileReference; lastKnownFileType = sourcecode.swift; path = ViewController.swift; sourceTree = "<group>"; };
		BBA48B0A2C2A58EF003D7901 /* Base */ = {isa = PBXFileReference; lastKnownFileType = file.storyboard; name = Base; path = Base.lproj/Main.storyboard; sourceTree = "<group>"; };
		BBA48B0C2C2A58F1003D7901 /* Assets.xcassets */ = {isa = PBXFileReference; lastKnownFileType = folder.assetcatalog; path = Assets.xcassets; sourceTree = "<group>"; };
		BBA48B0F2C2A58F1003D7901 /* Base */ = {isa = PBXFileReference; lastKnownFileType = file.storyboard; name = Base; path = Base.lproj/LaunchScreen.storyboard; sourceTree = "<group>"; };
		BBA48B112C2A58F1003D7901 /* Info.plist */ = {isa = PBXFileReference; lastKnownFileType = text.plist.xml; path = Info.plist; sourceTree = "<group>"; };
		BBA48B172C2A77B5003D7901 /* HomeViewController.swift */ = {isa = PBXFileReference; lastKnownFileType = sourcecode.swift; path = HomeViewController.swift; sourceTree = "<group>"; };
		BBA48B192C2A8049003D7901 /* UnsplashAPI.swift */ = {isa = PBXFileReference; lastKnownFileType = sourcecode.swift; path = UnsplashAPI.swift; sourceTree = "<group>"; };
		BBA48B1B2C2A819A003D7901 /* Structs.swift */ = {isa = PBXFileReference; lastKnownFileType = sourcecode.swift; path = Structs.swift; sourceTree = "<group>"; };
		BBA48B1D2C2A8A89003D7901 /* CollectionViewCell.swift */ = {isa = PBXFileReference; lastKnownFileType = sourcecode.swift; path = CollectionViewCell.swift; sourceTree = "<group>"; };
		BBA48B1F2C2A9D6B003D7901 /* PhotoInfoViewController.swift */ = {isa = PBXFileReference; lastKnownFileType = sourcecode.swift; name = PhotoInfoViewController.swift; path = PortfolioApp/Controller/PhotoInfoViewController.swift; sourceTree = SOURCE_ROOT; };
		BBE272542C2E6B3F005C21BE /* TagViewController.swift */ = {isa = PBXFileReference; lastKnownFileType = sourcecode.swift; name = TagViewController.swift; path = PortfolioApp/Controller/TagViewController.swift; sourceTree = SOURCE_ROOT; };
		BBE272562C2E6B5A005C21BE /* TagCollectionViewCell.swift */ = {isa = PBXFileReference; lastKnownFileType = sourcecode.swift; path = TagCollectionViewCell.swift; sourceTree = "<group>"; };
		BBECC1DA2C33E56800549C60 /* InfoViewController.swift */ = {isa = PBXFileReference; lastKnownFileType = sourcecode.swift; path = InfoViewController.swift; sourceTree = SOURCE_ROOT; };
/* End PBXFileReference section */

/* Begin PBXFrameworksBuildPhase section */
		BBA48AFD2C2A58EF003D7901 /* Frameworks */ = {
			isa = PBXFrameworksBuildPhase;
			buildActionMask = 2147483647;
			files = (
			);
			runOnlyForDeploymentPostprocessing = 0;
		};
/* End PBXFrameworksBuildPhase section */

/* Begin PBXGroup section */
		BB261AEB2C2E7460006E707F /* Cells */ = {
			isa = PBXGroup;
			children = (
				BBA48B1D2C2A8A89003D7901 /* CollectionViewCell.swift */,
				BBE272562C2E6B5A005C21BE /* TagCollectionViewCell.swift */,
				BB4C90502C3502630086BCBF /* SectionHeader.xib */,
				BB4C90522C3504D00086BCBF /* SectionHeader.swift */,
			);
			path = Cells;
			sourceTree = "<group>";
		};
		BBA48AF72C2A58EF003D7901 = {
			isa = PBXGroup;
			children = (
				BBA48B022C2A58EF003D7901 /* PortfolioApp */,
				BBA48B012C2A58EF003D7901 /* Products */,
			);
			sourceTree = "<group>";
		};
		BBA48B012C2A58EF003D7901 /* Products */ = {
			isa = PBXGroup;
			children = (
				BBA48B002C2A58EF003D7901 /* PortfolioApp.app */,
			);
			name = Products;
			sourceTree = "<group>";
		};
		BBA48B022C2A58EF003D7901 /* PortfolioApp */ = {
			isa = PBXGroup;
			children = (
				BBA48B032C2A58EF003D7901 /* AppDelegate.swift */,
				BBA48B052C2A58EF003D7901 /* SceneDelegate.swift */,
				BBE2725A2C2E6C4F005C21BE /* Main */,
				BBE272592C2E6C2F005C21BE /* View */,
				BBE2725B2C2E6C5C005C21BE /* Controller */,
				BBA48B0E2C2A58F1003D7901 /* LaunchScreen.storyboard */,
				BBA48B0C2C2A58F1003D7901 /* Assets.xcassets */,
				BBA48B112C2A58F1003D7901 /* Info.plist */,
			);
			path = PortfolioApp;
			sourceTree = "<group>";
		};
		BBE272592C2E6C2F005C21BE /* View */ = {
			isa = PBXGroup;
			children = (
				BBA48B192C2A8049003D7901 /* UnsplashAPI.swift */,
				BBA48B1B2C2A819A003D7901 /* Structs.swift */,
			);
			path = View;
			sourceTree = "<group>";
		};
		BBE2725A2C2E6C4F005C21BE /* Main */ = {
			isa = PBXGroup;
			children = (
				BBA48B092C2A58EF003D7901 /* Main.storyboard */,
			);
			path = Main;
			sourceTree = "<group>";
		};
		BBE2725B2C2E6C5C005C21BE /* Controller */ = {
			isa = PBXGroup;
			children = (
				BBA48B072C2A58EF003D7901 /* ViewController.swift */,
				BBA48B172C2A77B5003D7901 /* HomeViewController.swift */,
				BBE272542C2E6B3F005C21BE /* TagViewController.swift */,
				BBA48B1F2C2A9D6B003D7901 /* PhotoInfoViewController.swift */,
				BB3707CD2C2AA1BA00EB8A62 /* PhotoDetailViewController.swift */,
				BBECC1DA2C33E56800549C60 /* InfoViewController.swift */,
				BB4C90542C35152C0086BCBF /* WebViewController.swift */,
				BB261AEB2C2E7460006E707F /* Cells */,
				BB261AEE2C2E972C006E707F /* FooterTabView.xib */,
				BB5B7B552C3239AB0000AB7A /* FooterTabView.swift */,
			);
			path = Controller;
			sourceTree = "<group>";
		};
/* End PBXGroup section */

/* Begin PBXNativeTarget section */
		BBA48AFF2C2A58EF003D7901 /* PortfolioApp */ = {
			isa = PBXNativeTarget;
			buildConfigurationList = BBA48B142C2A58F1003D7901 /* Build configuration list for PBXNativeTarget "PortfolioApp" */;
			buildPhases = (
				BBA48AFC2C2A58EF003D7901 /* Sources */,
				BBA48AFD2C2A58EF003D7901 /* Frameworks */,
				BBA48AFE2C2A58EF003D7901 /* Resources */,
			);
			buildRules = (
			);
			dependencies = (
			);
			name = PortfolioApp;
			productName = PortfolioApp;
			productReference = BBA48B002C2A58EF003D7901 /* PortfolioApp.app */;
			productType = "com.apple.product-type.application";
		};
/* End PBXNativeTarget section */

/* Begin PBXProject section */
		BBA48AF82C2A58EF003D7901 /* Project object */ = {
			isa = PBXProject;
			attributes = {
				BuildIndependentTargetsInParallel = 1;
				LastSwiftUpdateCheck = 1430;
				LastUpgradeCheck = 1430;
				TargetAttributes = {
					BBA48AFF2C2A58EF003D7901 = {
						CreatedOnToolsVersion = 14.3.1;
					};
				};
			};
			buildConfigurationList = BBA48AFB2C2A58EF003D7901 /* Build configuration list for PBXProject "PortfolioApp" */;
			compatibilityVersion = "Xcode 14.0";
			developmentRegion = en;
			hasScannedForEncodings = 0;
			knownRegions = (
				en,
				Base,
			);
			mainGroup = BBA48AF72C2A58EF003D7901;
			productRefGroup = BBA48B012C2A58EF003D7901 /* Products */;
			projectDirPath = "";
			projectRoot = "";
			targets = (
				BBA48AFF2C2A58EF003D7901 /* PortfolioApp */,
			);
		};
/* End PBXProject section */

/* Begin PBXResourcesBuildPhase section */
		BBA48AFE2C2A58EF003D7901 /* Resources */ = {
			isa = PBXResourcesBuildPhase;
			buildActionMask = 2147483647;
			files = (
				BBA48B102C2A58F1003D7901 /* LaunchScreen.storyboard in Resources */,
				BBA48B0D2C2A58F1003D7901 /* Assets.xcassets in Resources */,
				BB4C90512C3502630086BCBF /* SectionHeader.xib in Resources */,
				BBA48B0B2C2A58EF003D7901 /* Main.storyboard in Resources */,
				BB261AEF2C2E972C006E707F /* FooterTabView.xib in Resources */,
			);
			runOnlyForDeploymentPostprocessing = 0;
		};
/* End PBXResourcesBuildPhase section */

/* Begin PBXSourcesBuildPhase section */
		BBA48AFC2C2A58EF003D7901 /* Sources */ = {
			isa = PBXSourcesBuildPhase;
			buildActionMask = 2147483647;
			files = (
				BBA48B1C2C2A819A003D7901 /* Structs.swift in Sources */,
				BBA48B082C2A58EF003D7901 /* ViewController.swift in Sources */,
				BBA48B1A2C2A8049003D7901 /* UnsplashAPI.swift in Sources */,
				BBA48B1E2C2A8A89003D7901 /* CollectionViewCell.swift in Sources */,
				BBA48B042C2A58EF003D7901 /* AppDelegate.swift in Sources */,
				BBA48B202C2A9D6B003D7901 /* PhotoInfoViewController.swift in Sources */,
				BB3707CE2C2AA1BA00EB8A62 /* PhotoDetailViewController.swift in Sources */,
				BB5B7B562C3239AB0000AB7A /* FooterTabView.swift in Sources */,
				BBE272552C2E6B3F005C21BE /* TagViewController.swift in Sources */,
				BBECC1DB2C33E56800549C60 /* InfoViewController.swift in Sources */,
				BB4C90532C3504D00086BCBF /* SectionHeader.swift in Sources */,
				BBA48B062C2A58EF003D7901 /* SceneDelegate.swift in Sources */,
				BBA48B182C2A77B5003D7901 /* HomeViewController.swift in Sources */,
				BB4C90552C35152C0086BCBF /* WebViewController.swift in Sources */,
				BBE272572C2E6B5A005C21BE /* TagCollectionViewCell.swift in Sources */,
			);
			runOnlyForDeploymentPostprocessing = 0;
		};
/* End PBXSourcesBuildPhase section */

/* Begin PBXVariantGroup section */
		BBA48B092C2A58EF003D7901 /* Main.storyboard */ = {
			isa = PBXVariantGroup;
			children = (
				BBA48B0A2C2A58EF003D7901 /* Base */,
			);
			name = Main.storyboard;
			sourceTree = "<group>";
		};
		BBA48B0E2C2A58F1003D7901 /* LaunchScreen.storyboard */ = {
			isa = PBXVariantGroup;
			children = (
				BBA48B0F2C2A58F1003D7901 /* Base */,
			);
			name = LaunchScreen.storyboard;
			sourceTree = "<group>";
		};
/* End PBXVariantGroup section */

/* Begin XCBuildConfiguration section */
		BBA48B122C2A58F1003D7901 /* Debug */ = {
			isa = XCBuildConfiguration;
			buildSettings = {
				ALWAYS_SEARCH_USER_PATHS = NO;
				CLANG_ANALYZER_NONNULL = YES;
				CLANG_ANALYZER_NUMBER_OBJECT_CONVERSION = YES_AGGRESSIVE;
				CLANG_CXX_LANGUAGE_STANDARD = "gnu++20";
				CLANG_ENABLE_MODULES = YES;
				CLANG_ENABLE_OBJC_ARC = YES;
				CLANG_ENABLE_OBJC_WEAK = YES;
				CLANG_WARN_BLOCK_CAPTURE_AUTORELEASING = YES;
				CLANG_WARN_BOOL_CONVERSION = YES;
				CLANG_WARN_COMMA = YES;
				CLANG_WARN_CONSTANT_CONVERSION = YES;
				CLANG_WARN_DEPRECATED_OBJC_IMPLEMENTATIONS = YES;
				CLANG_WARN_DIRECT_OBJC_ISA_USAGE = YES_ERROR;
				CLANG_WARN_DOCUMENTATION_COMMENTS = YES;
				CLANG_WARN_EMPTY_BODY = YES;
				CLANG_WARN_ENUM_CONVERSION = YES;
				CLANG_WARN_INFINITE_RECURSION = YES;
				CLANG_WARN_INT_CONVERSION = YES;
				CLANG_WARN_NON_LITERAL_NULL_CONVERSION = YES;
				CLANG_WARN_OBJC_IMPLICIT_RETAIN_SELF = YES;
				CLANG_WARN_OBJC_LITERAL_CONVERSION = YES;
				CLANG_WARN_OBJC_ROOT_CLASS = YES_ERROR;
				CLANG_WARN_QUOTED_INCLUDE_IN_FRAMEWORK_HEADER = YES;
				CLANG_WARN_RANGE_LOOP_ANALYSIS = YES;
				CLANG_WARN_STRICT_PROTOTYPES = YES;
				CLANG_WARN_SUSPICIOUS_MOVE = YES;
				CLANG_WARN_UNGUARDED_AVAILABILITY = YES_AGGRESSIVE;
				CLANG_WARN_UNREACHABLE_CODE = YES;
				CLANG_WARN__DUPLICATE_METHOD_MATCH = YES;
				COPY_PHASE_STRIP = NO;
				DEBUG_INFORMATION_FORMAT = dwarf;
				ENABLE_STRICT_OBJC_MSGSEND = YES;
				ENABLE_TESTABILITY = YES;
				GCC_C_LANGUAGE_STANDARD = gnu11;
				GCC_DYNAMIC_NO_PIC = NO;
				GCC_NO_COMMON_BLOCKS = YES;
				GCC_OPTIMIZATION_LEVEL = 0;
				GCC_PREPROCESSOR_DEFINITIONS = (
					"DEBUG=1",
					"$(inherited)",
				);
				GCC_WARN_64_TO_32_BIT_CONVERSION = YES;
				GCC_WARN_ABOUT_RETURN_TYPE = YES_ERROR;
				GCC_WARN_UNDECLARED_SELECTOR = YES;
				GCC_WARN_UNINITIALIZED_AUTOS = YES_AGGRESSIVE;
				GCC_WARN_UNUSED_FUNCTION = YES;
				GCC_WARN_UNUSED_VARIABLE = YES;
				IPHONEOS_DEPLOYMENT_TARGET = 16.4;
				MTL_ENABLE_DEBUG_INFO = INCLUDE_SOURCE;
				MTL_FAST_MATH = YES;
				ONLY_ACTIVE_ARCH = YES;
				SDKROOT = iphoneos;
				SWIFT_ACTIVE_COMPILATION_CONDITIONS = DEBUG;
				SWIFT_OPTIMIZATION_LEVEL = "-Onone";
			};
			name = Debug;
		};
		BBA48B132C2A58F1003D7901 /* Release */ = {
			isa = XCBuildConfiguration;
			buildSettings = {
				ALWAYS_SEARCH_USER_PATHS = NO;
				CLANG_ANALYZER_NONNULL = YES;
				CLANG_ANALYZER_NUMBER_OBJECT_CONVERSION = YES_AGGRESSIVE;
				CLANG_CXX_LANGUAGE_STANDARD = "gnu++20";
				CLANG_ENABLE_MODULES = YES;
				CLANG_ENABLE_OBJC_ARC = YES;
				CLANG_ENABLE_OBJC_WEAK = YES;
				CLANG_WARN_BLOCK_CAPTURE_AUTORELEASING = YES;
				CLANG_WARN_BOOL_CONVERSION = YES;
				CLANG_WARN_COMMA = YES;
				CLANG_WARN_CONSTANT_CONVERSION = YES;
				CLANG_WARN_DEPRECATED_OBJC_IMPLEMENTATIONS = YES;
				CLANG_WARN_DIRECT_OBJC_ISA_USAGE = YES_ERROR;
				CLANG_WARN_DOCUMENTATION_COMMENTS = YES;
				CLANG_WARN_EMPTY_BODY = YES;
				CLANG_WARN_ENUM_CONVERSION = YES;
				CLANG_WARN_INFINITE_RECURSION = YES;
				CLANG_WARN_INT_CONVERSION = YES;
				CLANG_WARN_NON_LITERAL_NULL_CONVERSION = YES;
				CLANG_WARN_OBJC_IMPLICIT_RETAIN_SELF = YES;
				CLANG_WARN_OBJC_LITERAL_CONVERSION = YES;
				CLANG_WARN_OBJC_ROOT_CLASS = YES_ERROR;
				CLANG_WARN_QUOTED_INCLUDE_IN_FRAMEWORK_HEADER = YES;
				CLANG_WARN_RANGE_LOOP_ANALYSIS = YES;
				CLANG_WARN_STRICT_PROTOTYPES = YES;
				CLANG_WARN_SUSPICIOUS_MOVE = YES;
				CLANG_WARN_UNGUARDED_AVAILABILITY = YES_AGGRESSIVE;
				CLANG_WARN_UNREACHABLE_CODE = YES;
				CLANG_WARN__DUPLICATE_METHOD_MATCH = YES;
				COPY_PHASE_STRIP = NO;
				DEBUG_INFORMATION_FORMAT = "dwarf-with-dsym";
				ENABLE_NS_ASSERTIONS = NO;
				ENABLE_STRICT_OBJC_MSGSEND = YES;
				GCC_C_LANGUAGE_STANDARD = gnu11;
				GCC_NO_COMMON_BLOCKS = YES;
				GCC_WARN_64_TO_32_BIT_CONVERSION = YES;
				GCC_WARN_ABOUT_RETURN_TYPE = YES_ERROR;
				GCC_WARN_UNDECLARED_SELECTOR = YES;
				GCC_WARN_UNINITIALIZED_AUTOS = YES_AGGRESSIVE;
				GCC_WARN_UNUSED_FUNCTION = YES;
				GCC_WARN_UNUSED_VARIABLE = YES;
				IPHONEOS_DEPLOYMENT_TARGET = 16.4;
				MTL_ENABLE_DEBUG_INFO = NO;
				MTL_FAST_MATH = YES;
				SDKROOT = iphoneos;
				SWIFT_COMPILATION_MODE = wholemodule;
				SWIFT_OPTIMIZATION_LEVEL = "-O";
				VALIDATE_PRODUCT = YES;
			};
			name = Release;
		};
		BBA48B152C2A58F1003D7901 /* Debug */ = {
			isa = XCBuildConfiguration;
			buildSettings = {
				ASSETCATALOG_COMPILER_APPICON_NAME = AppIcon;
				ASSETCATALOG_COMPILER_GLOBAL_ACCENT_COLOR_NAME = AccentColor;
				CODE_SIGN_STYLE = Automatic;
				CURRENT_PROJECT_VERSION = 1;
				GENERATE_INFOPLIST_FILE = YES;
				INFOPLIST_FILE = PortfolioApp/Info.plist;
				INFOPLIST_KEY_UIApplicationSupportsIndirectInputEvents = YES;
				INFOPLIST_KEY_UILaunchStoryboardName = LaunchScreen.storyboard;
				INFOPLIST_KEY_UIMainStoryboardFile = Main;
				INFOPLIST_KEY_UIRequiresFullScreen = NO;
				INFOPLIST_KEY_UIStatusBarStyle = UIStatusBarStyleLightContent;
				INFOPLIST_KEY_UISupportedInterfaceOrientations_iPad = "UIInterfaceOrientationPortrait UIInterfaceOrientationPortraitUpsideDown UIInterfaceOrientationLandscapeLeft UIInterfaceOrientationLandscapeRight";
				INFOPLIST_KEY_UISupportedInterfaceOrientations_iPhone = "UIInterfaceOrientationPortrait UIInterfaceOrientationLandscapeLeft UIInterfaceOrientationLandscapeRight";
				LD_RUNPATH_SEARCH_PATHS = (
					"$(inherited)",
					"@executable_path/Frameworks",
				);
				MARKETING_VERSION = 1.0;
				PRODUCT_BUNDLE_IDENTIFIER = "Inoue-Hinata.PortfolioApp";
				PRODUCT_NAME = "$(TARGET_NAME)";
				SWIFT_EMIT_LOC_STRINGS = YES;
				SWIFT_VERSION = 5.0;
				TARGETED_DEVICE_FAMILY = "1,2";
			};
			name = Debug;
		};
		BBA48B162C2A58F1003D7901 /* Release */ = {
			isa = XCBuildConfiguration;
			buildSettings = {
				ASSETCATALOG_COMPILER_APPICON_NAME = AppIcon;
				ASSETCATALOG_COMPILER_GLOBAL_ACCENT_COLOR_NAME = AccentColor;
				CODE_SIGN_STYLE = Automatic;
				CURRENT_PROJECT_VERSION = 1;
				GENERATE_INFOPLIST_FILE = YES;
				INFOPLIST_FILE = PortfolioApp/Info.plist;
				INFOPLIST_KEY_UIApplicationSupportsIndirectInputEvents = YES;
				INFOPLIST_KEY_UILaunchStoryboardName = LaunchScreen.storyboard;
				INFOPLIST_KEY_UIMainStoryboardFile = Main;
				INFOPLIST_KEY_UIRequiresFullScreen = NO;
				INFOPLIST_KEY_UIStatusBarStyle = UIStatusBarStyleLightContent;
				INFOPLIST_KEY_UISupportedInterfaceOrientations_iPad = "UIInterfaceOrientationPortrait UIInterfaceOrientationPortraitUpsideDown UIInterfaceOrientationLandscapeLeft UIInterfaceOrientationLandscapeRight";
				INFOPLIST_KEY_UISupportedInterfaceOrientations_iPhone = "UIInterfaceOrientationPortrait UIInterfaceOrientationLandscapeLeft UIInterfaceOrientationLandscapeRight";
				LD_RUNPATH_SEARCH_PATHS = (
					"$(inherited)",
					"@executable_path/Frameworks",
				);
				MARKETING_VERSION = 1.0;
				PRODUCT_BUNDLE_IDENTIFIER = "Inoue-Hinata.PortfolioApp";
				PRODUCT_NAME = "$(TARGET_NAME)";
				SWIFT_EMIT_LOC_STRINGS = YES;
				SWIFT_VERSION = 5.0;
				TARGETED_DEVICE_FAMILY = "1,2";
			};
			name = Release;
		};
/* End XCBuildConfiguration section */

/* Begin XCConfigurationList section */
		BBA48AFB2C2A58EF003D7901 /* Build configuration list for PBXProject "PortfolioApp" */ = {
			isa = XCConfigurationList;
			buildConfigurations = (
				BBA48B122C2A58F1003D7901 /* Debug */,
				BBA48B132C2A58F1003D7901 /* Release */,
			);
			defaultConfigurationIsVisible = 0;
			defaultConfigurationName = Release;
		};
		BBA48B142C2A58F1003D7901 /* Build configuration list for PBXNativeTarget "PortfolioApp" */ = {
			isa = XCConfigurationList;
			buildConfigurations = (
				BBA48B152C2A58F1003D7901 /* Debug */,
				BBA48B162C2A58F1003D7901 /* Release */,
			);
			defaultConfigurationIsVisible = 0;
			defaultConfigurationName = Release;
		};
/* End XCConfigurationList section */
	};
	rootObject = BBA48AF82C2A58EF003D7901 /* Project object */;
}
